
Microsoft Visual Studio Solution File, Format Version 12.00
# Visual Studio Version 16
VisualStudioVersion = 16.0.31911.196
MinimumVisualStudioVersion = 10.0.40219.1
Project("{FAE04EC0-301F-11D3-BF4B-00C04F79EFBC}") = "ProvaWeb", "ProvaWeb\ProvaWeb.csproj", "{A9C8DD20-A05D-4F24-8E85-E425F3BB2CE2}"
EndProject
Global
	GlobalSection(SolutionConfigurationPlatforms) = preSolution
		Debug|Any CPU = Debug|Any CPU
		Release|Any CPU = Release|Any CPU
	EndGlobalSection
	GlobalSection(ProjectConfigurationPlatforms) = postSolution
		{A9C8DD20-A05D-4F24-8E85-E425F3BB2CE2}.Debug|Any CPU.ActiveCfg = Debug|Any CPU
		{A9C8DD20-A05D-4F24-8E85-E425F3BB2CE2}.Debug|Any CPU.Build.0 = Debug|Any CPU
		{A9C8DD20-A05D-4F24-8E85-E425F3BB2CE2}.Release|Any CPU.ActiveCfg = Release|Any CPU
		{A9C8DD20-A05D-4F24-8E85-E425F3BB2CE2}.Release|Any CPU.Build.0 = Release|Any CPU
	EndGlobalSection
	GlobalSection(SolutionProperties) = preSolution
		HideSolutionNode = FALSE
	EndGlobalSection
	GlobalSection(ExtensibilityGlobals) = postSolution
		SolutionGuid = {EBFD08BD-2084-4729-B068-897233628B5D}
	EndGlobalSection
EndGlobal
